
Microsoft Visual Studio Solution File, Format Version 12.00
# Visual Studio Version 16
VisualStudioVersion = 16.0.31424.327
MinimumVisualStudioVersion = 10.0.40219.1
Project("{FAE04EC0-301F-11D3-BF4B-00C04F79EFBC}") = "Comida", "Comida\Comida.csproj", "{B9FE427A-0184-4511-AB51-8499A48DF093}"
EndProject
Global
	GlobalSection(SolutionConfigurationPlatforms) = preSolution
		Debug|Any CPU = Debug|Any CPU
		Release|Any CPU = Release|Any CPU
	EndGlobalSection
	GlobalSection(ProjectConfigurationPlatforms) = postSolution
		{B9FE427A-0184-4511-AB51-8499A48DF093}.Debug|Any CPU.ActiveCfg = Debug|Any CPU
		{B9FE427A-0184-4511-AB51-8499A48DF093}.Debug|Any CPU.Build.0 = Debug|Any CPU
		{B9FE427A-0184-4511-AB51-8499A48DF093}.Release|Any CPU.ActiveCfg = Release|Any CPU
		{B9FE427A-0184-4511-AB51-8499A48DF093}.Release|Any CPU.Build.0 = Release|Any CPU
	EndGlobalSection
	GlobalSection(SolutionProperties) = preSolution
		HideSolutionNode = FALSE
	EndGlobalSection
	GlobalSection(ExtensibilityGlobals) = postSolution
		SolutionGuid = {408807E3-E6E2-43A3-B6FF-3CF6088D46ED}
	EndGlobalSection
EndGlobal
